
Microsoft Visual Studio Solution File, Format Version 12.00
# Visual Studio Version 16
VisualStudioVersion = 16.0.31729.503
MinimumVisualStudioVersion = 10.0.40219.1
Project("{9A19103F-16F7-4668-BE54-9A1E7A4F7556}") = "Activity2", "Activity2.csproj", "{1C1CC548-0179-48E2-9947-CA8DBCE0085D}"
EndProject
Project("{FAE04EC0-301F-11D3-BF4B-00C04F79EFBC}") = "Activity2.Tests", "..\Activity2.Tests\Activity2.Tests.csproj", "{4DC39866-EF79-4D71-853A-09A4AD0AF0E1}"
EndProject
Global
	GlobalSection(SolutionConfigurationPlatforms) = preSolution
		Debug|Any CPU = Debug|Any CPU
		Release|Any CPU = Release|Any CPU
	EndGlobalSection
	GlobalSection(ProjectConfigurationPlatforms) = postSolution
		{1C1CC548-0179-48E2-9947-CA8DBCE0085D}.Debug|Any CPU.ActiveCfg = Debug|Any CPU
		{1C1CC548-0179-48E2-9947-CA8DBCE0085D}.Debug|Any CPU.Build.0 = Debug|Any CPU
		{1C1CC548-0179-48E2-9947-CA8DBCE0085D}.Release|Any CPU.ActiveCfg = Release|Any CPU
		{1C1CC548-0179-48E2-9947-CA8DBCE0085D}.Release|Any CPU.Build.0 = Release|Any CPU
		{4DC39866-EF79-4D71-853A-09A4AD0AF0E1}.Debug|Any CPU.ActiveCfg = Debug|Any CPU
		{4DC39866-EF79-4D71-853A-09A4AD0AF0E1}.Debug|Any CPU.Build.0 = Debug|Any CPU
		{4DC39866-EF79-4D71-853A-09A4AD0AF0E1}.Release|Any CPU.ActiveCfg = Release|Any CPU
		{4DC39866-EF79-4D71-853A-09A4AD0AF0E1}.Release|Any CPU.Build.0 = Release|Any CPU
	EndGlobalSection
	GlobalSection(SolutionProperties) = preSolution
		HideSolutionNode = FALSE
	EndGlobalSection
	GlobalSection(ExtensibilityGlobals) = postSolution
		SolutionGuid = {57E0C563-F2A5-42D5-A505-E022CF6914EB}
	EndGlobalSection
EndGlobal
