
Microsoft Visual Studio Solution File, Format Version 12.00
# Visual Studio Version 16
VisualStudioVersion = 16.0.31729.503
MinimumVisualStudioVersion = 10.0.40219.1
Project("{FAE04EC0-301F-11D3-BF4B-00C04F79EFBC}") = "ConsoleApp8", "ConsoleApp8.csproj", "{0E23B0A1-5ACC-40EB-8EBF-AAFA74BBCE2E}"
EndProject
Project("{FAE04EC0-301F-11D3-BF4B-00C04F79EFBC}") = "Activity8.Tests", "..\Activity8.Tests\Activity8.Tests.csproj", "{5AD8E932-DDF3-4271-A3DB-37F578D8A6BF}"
EndProject
Global
	GlobalSection(SolutionConfigurationPlatforms) = preSolution
		Debug|Any CPU = Debug|Any CPU
		Release|Any CPU = Release|Any CPU
	EndGlobalSection
	GlobalSection(ProjectConfigurationPlatforms) = postSolution
		{0E23B0A1-5ACC-40EB-8EBF-AAFA74BBCE2E}.Debug|Any CPU.ActiveCfg = Debug|Any CPU
		{0E23B0A1-5ACC-40EB-8EBF-AAFA74BBCE2E}.Debug|Any CPU.Build.0 = Debug|Any CPU
		{0E23B0A1-5ACC-40EB-8EBF-AAFA74BBCE2E}.Release|Any CPU.ActiveCfg = Release|Any CPU
		{0E23B0A1-5ACC-40EB-8EBF-AAFA74BBCE2E}.Release|Any CPU.Build.0 = Release|Any CPU
		{5AD8E932-DDF3-4271-A3DB-37F578D8A6BF}.Debug|Any CPU.ActiveCfg = Debug|Any CPU
		{5AD8E932-DDF3-4271-A3DB-37F578D8A6BF}.Debug|Any CPU.Build.0 = Debug|Any CPU
		{5AD8E932-DDF3-4271-A3DB-37F578D8A6BF}.Release|Any CPU.ActiveCfg = Release|Any CPU
		{5AD8E932-DDF3-4271-A3DB-37F578D8A6BF}.Release|Any CPU.Build.0 = Release|Any CPU
	EndGlobalSection
	GlobalSection(SolutionProperties) = preSolution
		HideSolutionNode = FALSE
	EndGlobalSection
	GlobalSection(ExtensibilityGlobals) = postSolution
		SolutionGuid = {32E3CD77-AAA7-4BFB-9127-E29FF1A4B309}
	EndGlobalSection
EndGlobal
