
Microsoft Visual Studio Solution File, Format Version 12.00
# Visual Studio Version 16
VisualStudioVersion = 16.0.31729.503
MinimumVisualStudioVersion = 10.0.40219.1
Project("{FAE04EC0-301F-11D3-BF4B-00C04F79EFBC}") = "Activity6", "Activity6.csproj", "{D4AEC21B-17A9-4AA4-B00B-29C9658A22A5}"
EndProject
Project("{FAE04EC0-301F-11D3-BF4B-00C04F79EFBC}") = "Activity6.Tests", "..\Activity6.Tests\Activity6.Tests.csproj", "{A9408565-7928-40F5-AC62-AC0AE675E2B0}"
EndProject
Global
	GlobalSection(SolutionConfigurationPlatforms) = preSolution
		Debug|Any CPU = Debug|Any CPU
		Release|Any CPU = Release|Any CPU
	EndGlobalSection
	GlobalSection(ProjectConfigurationPlatforms) = postSolution
		{D4AEC21B-17A9-4AA4-B00B-29C9658A22A5}.Debug|Any CPU.ActiveCfg = Debug|Any CPU
		{D4AEC21B-17A9-4AA4-B00B-29C9658A22A5}.Debug|Any CPU.Build.0 = Debug|Any CPU
		{D4AEC21B-17A9-4AA4-B00B-29C9658A22A5}.Release|Any CPU.ActiveCfg = Release|Any CPU
		{D4AEC21B-17A9-4AA4-B00B-29C9658A22A5}.Release|Any CPU.Build.0 = Release|Any CPU
		{A9408565-7928-40F5-AC62-AC0AE675E2B0}.Debug|Any CPU.ActiveCfg = Debug|Any CPU
		{A9408565-7928-40F5-AC62-AC0AE675E2B0}.Debug|Any CPU.Build.0 = Debug|Any CPU
		{A9408565-7928-40F5-AC62-AC0AE675E2B0}.Release|Any CPU.ActiveCfg = Release|Any CPU
		{A9408565-7928-40F5-AC62-AC0AE675E2B0}.Release|Any CPU.Build.0 = Release|Any CPU
	EndGlobalSection
	GlobalSection(SolutionProperties) = preSolution
		HideSolutionNode = FALSE
	EndGlobalSection
	GlobalSection(ExtensibilityGlobals) = postSolution
		SolutionGuid = {01FD1889-6516-479A-9A33-53BB6866394B}
	EndGlobalSection
EndGlobal
