
Microsoft Visual Studio Solution File, Format Version 12.00
# Visual Studio Version 16
VisualStudioVersion = 16.0.31729.503
MinimumVisualStudioVersion = 10.0.40219.1
Project("{FAE04EC0-301F-11D3-BF4B-00C04F79EFBC}") = "Activity5", "Activity5.csproj", "{01CED72F-048B-48D1-8C93-637D946A325C}"
EndProject
Project("{FAE04EC0-301F-11D3-BF4B-00C04F79EFBC}") = "Activity5.Test", "..\Activity5.Test\Activity5.Test.csproj", "{C5C7D807-E972-4788-A568-16A03B13B13A}"
EndProject
Global
	GlobalSection(SolutionConfigurationPlatforms) = preSolution
		Debug|Any CPU = Debug|Any CPU
		Release|Any CPU = Release|Any CPU
	EndGlobalSection
	GlobalSection(ProjectConfigurationPlatforms) = postSolution
		{01CED72F-048B-48D1-8C93-637D946A325C}.Debug|Any CPU.ActiveCfg = Debug|Any CPU
		{01CED72F-048B-48D1-8C93-637D946A325C}.Debug|Any CPU.Build.0 = Debug|Any CPU
		{01CED72F-048B-48D1-8C93-637D946A325C}.Release|Any CPU.ActiveCfg = Release|Any CPU
		{01CED72F-048B-48D1-8C93-637D946A325C}.Release|Any CPU.Build.0 = Release|Any CPU
		{C5C7D807-E972-4788-A568-16A03B13B13A}.Debug|Any CPU.ActiveCfg = Debug|Any CPU
		{C5C7D807-E972-4788-A568-16A03B13B13A}.Debug|Any CPU.Build.0 = Debug|Any CPU
		{C5C7D807-E972-4788-A568-16A03B13B13A}.Release|Any CPU.ActiveCfg = Release|Any CPU
		{C5C7D807-E972-4788-A568-16A03B13B13A}.Release|Any CPU.Build.0 = Release|Any CPU
	EndGlobalSection
	GlobalSection(SolutionProperties) = preSolution
		HideSolutionNode = FALSE
	EndGlobalSection
	GlobalSection(ExtensibilityGlobals) = postSolution
		SolutionGuid = {B98AEA62-22B4-4B8D-BD37-C632B3B84ED7}
	EndGlobalSection
EndGlobal
